
Microsoft Visual Studio Solution File, Format Version 12.00
# Visual Studio Version 17
VisualStudioVersion = 17.8.34330.188
MinimumVisualStudioVersion = 10.0.40219.1
Project("{9A19103F-16F7-4668-BE54-9A1E7A4F7556}") = "FitnessForgeAdmin", "FitnessForgeAdmin\FitnessForgeAdmin.csproj", "{B823EE22-E9D9-469A-8F1E-788C6549791E}"
EndProject
Project("{FAE04EC0-301F-11D3-BF4B-00C04F79EFBC}") = "FitnessForgeClient", "FitnessForgeClient\FitnessForgeClient.csproj", "{1688B33A-BEE9-4A1B-9D43-83885ED8D8E2}"
EndProject
Global
	GlobalSection(SolutionConfigurationPlatforms) = preSolution
		Debug|Any CPU = Debug|Any CPU
		Release|Any CPU = Release|Any CPU
	EndGlobalSection
	GlobalSection(ProjectConfigurationPlatforms) = postSolution
		{B823EE22-E9D9-469A-8F1E-788C6549791E}.Debug|Any CPU.ActiveCfg = Debug|Any CPU
		{B823EE22-E9D9-469A-8F1E-788C6549791E}.Debug|Any CPU.Build.0 = Debug|Any CPU
		{B823EE22-E9D9-469A-8F1E-788C6549791E}.Release|Any CPU.ActiveCfg = Release|Any CPU
		{B823EE22-E9D9-469A-8F1E-788C6549791E}.Release|Any CPU.Build.0 = Release|Any CPU
		{1688B33A-BEE9-4A1B-9D43-83885ED8D8E2}.Debug|Any CPU.ActiveCfg = Debug|Any CPU
		{1688B33A-BEE9-4A1B-9D43-83885ED8D8E2}.Debug|Any CPU.Build.0 = Debug|Any CPU
		{1688B33A-BEE9-4A1B-9D43-83885ED8D8E2}.Release|Any CPU.ActiveCfg = Release|Any CPU
		{1688B33A-BEE9-4A1B-9D43-83885ED8D8E2}.Release|Any CPU.Build.0 = Release|Any CPU
	EndGlobalSection
	GlobalSection(SolutionProperties) = preSolution
		HideSolutionNode = FALSE
	EndGlobalSection
	GlobalSection(ExtensibilityGlobals) = postSolution
		SolutionGuid = {CA44F99D-784D-4E0D-ADEA-720296D8A3A9}
	EndGlobalSection
EndGlobal
